
Microsoft Visual Studio Solution File, Format Version 12.00
# Visual Studio Version 17
VisualStudioVersion = 17.0.32112.339
MinimumVisualStudioVersion = 10.0.40219.1
Project("{F184B08F-C81C-45F6-A57F-5ABD9991F28F}") = "LogbookVB.NET", "LogbookVB.NET.vbproj", "{68F4700F-B780-4F6E-B256-8F1227FAC1E9}"
EndProject
Global
	GlobalSection(SolutionConfigurationPlatforms) = preSolution
		Debug|Any CPU = Debug|Any CPU
		Release|Any CPU = Release|Any CPU
	EndGlobalSection
	GlobalSection(ProjectConfigurationPlatforms) = postSolution
		{68F4700F-B780-4F6E-B256-8F1227FAC1E9}.Debug|Any CPU.ActiveCfg = Debug|Any CPU
		{68F4700F-B780-4F6E-B256-8F1227FAC1E9}.Debug|Any CPU.Build.0 = Debug|Any CPU
		{68F4700F-B780-4F6E-B256-8F1227FAC1E9}.Release|Any CPU.ActiveCfg = Release|Any CPU
		{68F4700F-B780-4F6E-B256-8F1227FAC1E9}.Release|Any CPU.Build.0 = Release|Any CPU
	EndGlobalSection
	GlobalSection(SolutionProperties) = preSolution
		HideSolutionNode = FALSE
	EndGlobalSection
	GlobalSection(ExtensibilityGlobals) = postSolution
		SolutionGuid = {FD55D370-7637-4178-99FB-9D915F6049C6}
	EndGlobalSection
EndGlobal
